Microsoft Visual Studio Solution File, Format Version 12.00
# Visual Studio 15
VisualStudioVersion = 15.0.26430.14
MinimumVisualStudioVersion = 10.0.40219.1
Project("{2150E333-8FDC-42A3-9474-1A3956D46DE8}") = "src", "src", "{A8B0AC4B-F013-4E5B-88EA-F316C7E35A0D}"
EndProject
Project("{2150E333-8FDC-42A3-9474-1A3956D46DE8}") = "web", "web", "{6331865F-BF8F-4D4F-96EF-711C336CF200}"
EndProject
Project("{2150E333-8FDC-42A3-9474-1A3956D46DE8}") = ".nuget", ".nuget", "{1CB38D62-0655-40D5-955B-8BE9B39FD8F4}"
	ProjectSection(SolutionItems) = preProject
		.nuget\BuildPkg.bat = .nuget\BuildPkg.bat
		.nuget\NuGet.Config = .nuget\NuGet.Config
		.nuget\NuGet.exe = .nuget\NuGet.exe
		.nuget\NuGet.targets = .nuget\NuGet.targets
	EndProjectSection
EndProject
Project("{2150E333-8FDC-42A3-9474-1A3956D46DE8}") = "NuSpecs", "NuSpecs", "{1BEA1747-A353-423E-988C-FEB3668863E2}"
	ProjectSection(SolutionItems) = preProject
		.nuget\NuSpecs\Bars.Web.Controls.nuspec = .nuget\NuSpecs\Bars.Web.Controls.nuspec
		.nuget\NuSpecs\Cl3ClientLib.nuspec = .nuget\NuSpecs\Cl3ClientLib.nuspec
		.nuget\NuSpecs\FastReport.Bars.nuspec = .nuget\NuSpecs\FastReport.Bars.nuspec
		.nuget\NuSpecs\FastReport.Editor.nuspec = .nuget\NuSpecs\FastReport.Editor.nuspec
		.nuget\NuSpecs\FastReport.Full.nuspec = .nuget\NuSpecs\FastReport.Full.nuspec
		.nuget\NuSpecs\ibank.core.nuspec = .nuget\NuSpecs\ibank.core.nuspec
	EndProjectSection
EndProject
Project("{E24C65DC-7377-472B-9ABA-BC803B73C61A}") = "barsroot", "http://localhost/barsroot", "{736D5B53-B4FF-4E10-BFF1-8AC9AEF65DA4}"
	ProjectSection(WebsiteProperties) = preProject
		SccProjectName = ""
		SccAuxPath = ""
		SccLocalPath = ""
		SccProvider = ""
		UseIISExpress = "false"
		TargetFrameworkMoniker = ".NETFramework,Version%3Dv4.0"
		ProjectReferences = ""
		Debug.AspNetCompiler.VirtualPath = "/barsroot"
		Debug.AspNetCompiler.PhysicalPath = "barsroot\"
		Debug.AspNetCompiler.TargetPath = "PrecompiledWeb\barsroot\"
		Debug.AspNetCompiler.Updateable = "true"
		Debug.AspNetCompiler.ForceOverwrite = "true"
		Debug.AspNetCompiler.FixedNames = "false"
		Debug.AspNetCompiler.Debug = "True"
		Release.AspNetCompiler.VirtualPath = "/barsroot"
		Release.AspNetCompiler.PhysicalPath = "barsroot\"
		Release.AspNetCompiler.TargetPath = "PrecompiledWeb\barsroot\"
		Release.AspNetCompiler.Updateable = "true"
		Release.AspNetCompiler.ForceOverwrite = "true"
		Release.AspNetCompiler.FixedNames = "false"
		Release.AspNetCompiler.Debug = "False"
		SlnRelativePath = "barsroot\"
	EndProjectSection
	ProjectSection(WebsiteProperties) = preProject
		SccProjectName = ""
		SccAuxPath = ""
		SccLocalPath = ""
		SccProvider = ""
		UseIISExpress = "false"
		TargetFrameworkMoniker = ".NETFramework,Version%3Dv4.0"
		ProjectReferences = ""
		Debug.AspNetCompiler.VirtualPath = "/barsroot"
		Debug.AspNetCompiler.PhysicalPath = "barsroot\"
		Debug.AspNetCompiler.TargetPath = "PrecompiledWeb\barsroot\"
		Debug.AspNetCompiler.Updateable = "true"
		Debug.AspNetCompiler.ForceOverwrite = "true"
		Debug.AspNetCompiler.FixedNames = "false"
		Debug.AspNetCompiler.Debug = "True"
		Release.AspNetCompiler.VirtualPath = "/barsroot"
		Release.AspNetCompiler.PhysicalPath = "barsroot\"
		Release.AspNetCompiler.TargetPath = "PrecompiledWeb\barsroot\"
		Release.AspNetCompiler.Updateable = "true"
		Release.AspNetCompiler.ForceOverwrite = "true"
		Release.AspNetCompiler.FixedNames = "false"
		Release.AspNetCompiler.Debug = "False"
		SlnRelativePath = "barsroot\"
	EndProjectSection
EndProject
Project("{E24C65DC-7377-472B-9ABA-BC803B73C61A}") = "common", "http://localhost/common", "{2417D98B-AFB2-4581-AD10-FF373B34BBCD}"
	ProjectSection(WebsiteProperties) = preProject
		SccProjectName = ""
		SccAuxPath = ""
		SccLocalPath = ""
		SccProvider = ""
		UseIISExpress = "false"
		TargetFrameworkMoniker = ".NETFramework,Version%3Dv4.0"
		Debug.AspNetCompiler.VirtualPath = "/common"
		Debug.AspNetCompiler.PhysicalPath = "Common\"
		Debug.AspNetCompiler.TargetPath = "PrecompiledWeb\common\"
		Debug.AspNetCompiler.Updateable = "true"
		Debug.AspNetCompiler.ForceOverwrite = "true"
		Debug.AspNetCompiler.FixedNames = "false"
		Debug.AspNetCompiler.Debug = "True"
		Release.AspNetCompiler.VirtualPath = "/common"
		Release.AspNetCompiler.PhysicalPath = "Common\"
		Release.AspNetCompiler.TargetPath = "PrecompiledWeb\common\"
		Release.AspNetCompiler.Updateable = "true"
		Release.AspNetCompiler.ForceOverwrite = "true"
		Release.AspNetCompiler.FixedNames = "false"
		Release.AspNetCompiler.Debug = "False"
		SlnRelativePath = "Common\"
	EndProjectSection
	ProjectSection(WebsiteProperties) = preProject
		SccProjectName = ""
		SccAuxPath = ""
		SccLocalPath = ""
		SccProvider = ""
		UseIISExpress = "false"
		TargetFrameworkMoniker = ".NETFramework,Version%3Dv4.0"
		Debug.AspNetCompiler.VirtualPath = "/common"
		Debug.AspNetCompiler.PhysicalPath = "Common\"
		Debug.AspNetCompiler.TargetPath = "PrecompiledWeb\common\"
		Debug.AspNetCompiler.Updateable = "true"
		Debug.AspNetCompiler.ForceOverwrite = "true"
		Debug.AspNetCompiler.FixedNames = "false"
		Debug.AspNetCompiler.Debug = "True"
		Release.AspNetCompiler.VirtualPath = "/common"
		Release.AspNetCompiler.PhysicalPath = "Common\"
		Release.AspNetCompiler.TargetPath = "PrecompiledWeb\common\"
		Release.AspNetCompiler.Updateable = "true"
		Release.AspNetCompiler.ForceOverwrite = "true"
		Release.AspNetCompiler.FixedNames = "false"
		Release.AspNetCompiler.Debug = "False"
		SlnRelativePath = "Common\"
	EndProjectSection
EndProject
Global
	GlobalSection(SolutionConfigurationPlatforms) = preSolution
		Basic|Any CPU = Basic|Any CPU
		Basic|x86 = Basic|x86
		Debug|Any CPU = Debug|Any CPU
		Debug|x86 = Debug|x86
		Demo|Any CPU = Demo|Any CPU
		Demo|x86 = Demo|x86
		Release|Any CPU = Release|Any CPU
		Release|x86 = Release|x86
		WinForms|Any CPU = WinForms|Any CPU
		WinForms|x86 = WinForms|x86
	EndGlobalSection
	GlobalSection(ProjectConfigurationPlatforms) = postSolution
		{736D5B53-B4FF-4E10-BFF1-8AC9AEF65DA4}.Basic|Any CPU.ActiveCfg = Debug|Any CPU
		{736D5B53-B4FF-4E10-BFF1-8AC9AEF65DA4}.Basic|Any CPU.Build.0 = Debug|Any CPU
		{736D5B53-B4FF-4E10-BFF1-8AC9AEF65DA4}.Basic|x86.ActiveCfg = Debug|Any CPU
		{736D5B53-B4FF-4E10-BFF1-8AC9AEF65DA4}.Debug|Any CPU.ActiveCfg = Debug|Any CPU
		{736D5B53-B4FF-4E10-BFF1-8AC9AEF65DA4}.Debug|Any CPU.Build.0 = Debug|Any CPU
		{736D5B53-B4FF-4E10-BFF1-8AC9AEF65DA4}.Debug|x86.ActiveCfg = Debug|Any CPU
		{736D5B53-B4FF-4E10-BFF1-8AC9AEF65DA4}.Demo|Any CPU.ActiveCfg = Debug|Any CPU
		{736D5B53-B4FF-4E10-BFF1-8AC9AEF65DA4}.Demo|Any CPU.Build.0 = Debug|Any CPU
		{736D5B53-B4FF-4E10-BFF1-8AC9AEF65DA4}.Demo|x86.ActiveCfg = Debug|Any CPU
		{736D5B53-B4FF-4E10-BFF1-8AC9AEF65DA4}.Release|Any CPU.ActiveCfg = Debug|Any CPU
		{736D5B53-B4FF-4E10-BFF1-8AC9AEF65DA4}.Release|Any CPU.Build.0 = Debug|Any CPU
		{736D5B53-B4FF-4E10-BFF1-8AC9AEF65DA4}.Release|x86.ActiveCfg = Debug|Any CPU
		{736D5B53-B4FF-4E10-BFF1-8AC9AEF65DA4}.WinForms|Any CPU.ActiveCfg = Debug|Any CPU
		{736D5B53-B4FF-4E10-BFF1-8AC9AEF65DA4}.WinForms|Any CPU.Build.0 = Debug|Any CPU
		{736D5B53-B4FF-4E10-BFF1-8AC9AEF65DA4}.WinForms|x86.ActiveCfg = Debug|Any CPU
		{2417D98B-AFB2-4581-AD10-FF373B34BBCD}.Basic|Any CPU.ActiveCfg = Debug|Any CPU
		{2417D98B-AFB2-4581-AD10-FF373B34BBCD}.Basic|Any CPU.Build.0 = Debug|Any CPU
		{2417D98B-AFB2-4581-AD10-FF373B34BBCD}.Basic|x86.ActiveCfg = Debug|Any CPU
		{2417D98B-AFB2-4581-AD10-FF373B34BBCD}.Debug|Any CPU.ActiveCfg = Debug|Any CPU
		{2417D98B-AFB2-4581-AD10-FF373B34BBCD}.Debug|Any CPU.Build.0 = Debug|Any CPU
		{2417D98B-AFB2-4581-AD10-FF373B34BBCD}.Debug|x86.ActiveCfg = Debug|Any CPU
		{2417D98B-AFB2-4581-AD10-FF373B34BBCD}.Demo|Any CPU.ActiveCfg = Debug|Any CPU
		{2417D98B-AFB2-4581-AD10-FF373B34BBCD}.Demo|Any CPU.Build.0 = Debug|Any CPU
		{2417D98B-AFB2-4581-AD10-FF373B34BBCD}.Demo|x86.ActiveCfg = Debug|Any CPU
		{2417D98B-AFB2-4581-AD10-FF373B34BBCD}.Release|Any CPU.ActiveCfg = Debug|Any CPU
		{2417D98B-AFB2-4581-AD10-FF373B34BBCD}.Release|Any CPU.Build.0 = Debug|Any CPU
		{2417D98B-AFB2-4581-AD10-FF373B34BBCD}.Release|x86.ActiveCfg = Debug|Any CPU
		{2417D98B-AFB2-4581-AD10-FF373B34BBCD}.WinForms|Any CPU.ActiveCfg = Debug|Any CPU
		{2417D98B-AFB2-4581-AD10-FF373B34BBCD}.WinForms|Any CPU.Build.0 = Debug|Any CPU
		{2417D98B-AFB2-4581-AD10-FF373B34BBCD}.WinForms|x86.ActiveCfg = Debug|Any CPU
	EndGlobalSection
	GlobalSection(SolutionProperties) = preSolution
		HideSolutionNode = FALSE
	EndGlobalSection
	GlobalSection(NestedProjects) = preSolution
		{6331865F-BF8F-4D4F-96EF-711C336CF200} = {A8B0AC4B-F013-4E5B-88EA-F316C7E35A0D}
		{1BEA1747-A353-423E-988C-FEB3668863E2} = {1CB38D62-0655-40D5-955B-8BE9B39FD8F4}
		{736D5B53-B4FF-4E10-BFF1-8AC9AEF65DA4} = {6331865F-BF8F-4D4F-96EF-711C336CF200}
		{2417D98B-AFB2-4581-AD10-FF373B34BBCD} = {6331865F-BF8F-4D4F-96EF-711C336CF200}
	EndGlobalSection
EndGlobal
