Microsoft Visual Studio Solution File, Format Version 12.00
# Visual Studio 2013
VisualStudioVersion = 12.0.40629.0
MinimumVisualStudioVersion = 10.0.40219.1
Project("{2150E333-8FDC-42A3-9474-1A3956D46DE8}") = "src", "src", "{A8B0AC4B-F013-4E5B-88EA-F316C7E35A0D}"
EndProject
Project("{2150E333-8FDC-42A3-9474-1A3956D46DE8}") = "web", "web", "{6331865F-BF8F-4D4F-96EF-711C336CF200}"
EndProject
Project("{2150E333-8FDC-42A3-9474-1A3956D46DE8}") = ".nuget", ".nuget", "{1CB38D62-0655-40D5-955B-8BE9B39FD8F4}"
	ProjectSection(SolutionItems) = preProject
		.nuget\BuildPkg.bat = .nuget\BuildPkg.bat
		.nuget\NuGet.Config = .nuget\NuGet.Config
		.nuget\NuGet.exe = .nuget\NuGet.exe
		.nuget\NuGet.targets = .nuget\NuGet.targets
	EndProjectSection
EndProject
Project("{2150E333-8FDC-42A3-9474-1A3956D46DE8}") = "NuSpecs", "NuSpecs", "{1BEA1747-A353-423E-988C-FEB3668863E2}"
	ProjectSection(SolutionItems) = preProject
		.nuget\NuSpecs\Bars.Web.Controls.nuspec = .nuget\NuSpecs\Bars.Web.Controls.nuspec
		.nuget\NuSpecs\Cl3ClientLib.nuspec = .nuget\NuSpecs\Cl3ClientLib.nuspec
		.nuget\NuSpecs\FastReport.Bars.nuspec = .nuget\NuSpecs\FastReport.Bars.nuspec
		.nuget\NuSpecs\FastReport.Editor.nuspec = .nuget\NuSpecs\FastReport.Editor.nuspec
		.nuget\NuSpecs\FastReport.Full.nuspec = .nuget\NuSpecs\FastReport.Full.nuspec
		.nuget\NuSpecs\ibank.core.nuspec = .nuget\NuSpecs\ibank.core.nuspec
	EndProjectSection
EndProject
Project("{2150E333-8FDC-42A3-9474-1A3956D46DE8}") = "Tests", "Tests", "{43ECB053-BD96-4933-B389-2CB886311AA4}"
EndProject
Project("{2150E333-8FDC-42A3-9474-1A3956D46DE8}") = "BarsWeb", "BarsWeb", "{D05DFBD8-6DB7-497D-8967-9E669490ED4E}"
EndProject
Project("{E24C65DC-7377-472B-9ABA-BC803B73C61A}") = "barsroot", "http://localhost:9082/barsroot", "{736D5B53-B4FF-4E10-BFF1-8AC9AEF65DA4}"
	ProjectSection(WebsiteProperties) = preProject
		SccProjectName = ""
		SccAuxPath = ""
		SccLocalPath = ""
		SccProvider = ""
		UseIISExpress = "false"
		TargetFrameworkMoniker = ".NETFramework,Version%3Dv4.0"
		ProjectReferences = ""
		Debug.AspNetCompiler.VirtualPath = "/barsroot"
		Debug.AspNetCompiler.PhysicalPath = "barsroot\"
		Debug.AspNetCompiler.TargetPath = "PrecompiledWeb\barsroot\"
		Debug.AspNetCompiler.Updateable = "true"
		Debug.AspNetCompiler.ForceOverwrite = "true"
		Debug.AspNetCompiler.FixedNames = "false"
		Debug.AspNetCompiler.Debug = "True"
		Release.AspNetCompiler.VirtualPath = "/barsroot"
		Release.AspNetCompiler.PhysicalPath = "barsroot\"
		Release.AspNetCompiler.TargetPath = "PrecompiledWeb\barsroot\"
		Release.AspNetCompiler.Updateable = "true"
		Release.AspNetCompiler.ForceOverwrite = "true"
		Release.AspNetCompiler.FixedNames = "false"
		Release.AspNetCompiler.Debug = "False"
		SlnRelativePath = "barsroot\"
	EndProjectSection
EndProject
Project("{E24C65DC-7377-472B-9ABA-BC803B73C61A}") = "common", "http://localhost:9082/common", "{2417D98B-AFB2-4581-AD10-FF373B34BBCD}"
	ProjectSection(WebsiteProperties) = preProject
		SccProjectName = ""
		SccAuxPath = ""
		SccLocalPath = ""
		SccProvider = ""
		UseIISExpress = "false"
		TargetFrameworkMoniker = ".NETFramework,Version%3Dv4.0"
		Debug.AspNetCompiler.VirtualPath = "/common"
		Debug.AspNetCompiler.PhysicalPath = "Common\"
		Debug.AspNetCompiler.TargetPath = "PrecompiledWeb\common\"
		Debug.AspNetCompiler.Updateable = "true"
		Debug.AspNetCompiler.ForceOverwrite = "true"
		Debug.AspNetCompiler.FixedNames = "false"
		Debug.AspNetCompiler.Debug = "True"
		Release.AspNetCompiler.VirtualPath = "/common"
		Release.AspNetCompiler.PhysicalPath = "Common\"
		Release.AspNetCompiler.TargetPath = "PrecompiledWeb\common\"
		Release.AspNetCompiler.Updateable = "true"
		Release.AspNetCompiler.ForceOverwrite = "true"
		Release.AspNetCompiler.FixedNames = "false"
		Release.AspNetCompiler.Debug = "False"
		SlnRelativePath = "Common\"
	EndProjectSection
EndProject
Project("{FAE04EC0-301F-11D3-BF4B-00C04F79EFBC}") = "BarsWeb", "src\BarsWeb\BarsWeb\BarsWeb.csproj", "{C6517824-595C-4953-BD5B-D29CF8B01303}"
EndProject
Project("{FAE04EC0-301F-11D3-BF4B-00C04F79EFBC}") = "BarsWeb.Core", "src\BarsWeb\BarsWeb.Core\BarsWeb.Core.csproj", "{C4294F94-2221-4B00-AD42-07D2E113F37F}"
EndProject
Project("{2150E333-8FDC-42A3-9474-1A3956D46DE8}") = "Areas", "Areas", "{EFB0DDEE-4348-40D2-A9F4-F10CE933F05F}"
EndProject
Project("{FAE04EC0-301F-11D3-BF4B-00C04F79EFBC}") = "BarsWeb.Areas.Clients", "src\BarsWeb\Areas\BarsWeb.Areas.Clients\BarsWeb.Areas.Clients.csproj", "{11DE4167-5A23-4578-A5DA-77D3323BB02D}"
EndProject
Project("{FAE04EC0-301F-11D3-BF4B-00C04F79EFBC}") = "BarsWeb.Areas.Docs", "src\BarsWeb\Areas\BarsWeb.Areas.Docs\BarsWeb.Areas.Docs.csproj", "{DE3E0B56-ADAB-4138-AF02-092408718B4B}"
EndProject
Project("{FAE04EC0-301F-11D3-BF4B-00C04F79EFBC}") = "BarsWeb.Areas.Security", "src\BarsWeb\Areas\BarsWeb.Areas.Security\BarsWeb.Areas.Security.csproj", "{CA4D07AB-CEF2-4352-8B0C-BF7ECDB273FC}"
EndProject
Project("{2150E333-8FDC-42A3-9474-1A3956D46DE8}") = "Areas", "Areas", "{0213571A-D656-4D70-91E4-19C0E0D5A151}"
EndProject
Project("{2150E333-8FDC-42A3-9474-1A3956D46DE8}") = "BarsWeb", "BarsWeb", "{B84089D9-2B98-4C3D-9109-715CD82243CC}"
EndProject
Project("{FAE04EC0-301F-11D3-BF4B-00C04F79EFBC}") = "BarsWeb.Areas.Acct", "src\BarsWeb\Areas\BarsWeb.Areas.Acct\BarsWeb.Areas.Acct.csproj", "{41905987-1E3C-4D7B-A052-0CCAC80051ED}"
EndProject
Project("{FAE04EC0-301F-11D3-BF4B-00C04F79EFBC}") = "barsroot.core", "src\BarsWeb\barsroot.core\barsroot.core.csproj", "{E236BA21-313E-458C-BADE-62AB671CFBAC}"
EndProject
Global
	GlobalSection(SolutionConfigurationPlatforms) = preSolution
		Basic|Any CPU = Basic|Any CPU
		Basic|x86 = Basic|x86
		Debug|Any CPU = Debug|Any CPU
		Debug|x86 = Debug|x86
		Demo|Any CPU = Demo|Any CPU
		Demo|x86 = Demo|x86
		Release|Any CPU = Release|Any CPU
		Release|x86 = Release|x86
		WinForms|Any CPU = WinForms|Any CPU
		WinForms|x86 = WinForms|x86
	EndGlobalSection
	GlobalSection(ProjectConfigurationPlatforms) = postSolution
		{736D5B53-B4FF-4E10-BFF1-8AC9AEF65DA4}.Basic|Any CPU.ActiveCfg = Debug|Any CPU
		{736D5B53-B4FF-4E10-BFF1-8AC9AEF65DA4}.Basic|Any CPU.Build.0 = Debug|Any CPU
		{736D5B53-B4FF-4E10-BFF1-8AC9AEF65DA4}.Basic|x86.ActiveCfg = Debug|Any CPU
		{736D5B53-B4FF-4E10-BFF1-8AC9AEF65DA4}.Debug|Any CPU.ActiveCfg = Debug|Any CPU
		{736D5B53-B4FF-4E10-BFF1-8AC9AEF65DA4}.Debug|Any CPU.Build.0 = Debug|Any CPU
		{736D5B53-B4FF-4E10-BFF1-8AC9AEF65DA4}.Debug|x86.ActiveCfg = Debug|Any CPU
		{736D5B53-B4FF-4E10-BFF1-8AC9AEF65DA4}.Demo|Any CPU.ActiveCfg = Debug|Any CPU
		{736D5B53-B4FF-4E10-BFF1-8AC9AEF65DA4}.Demo|Any CPU.Build.0 = Debug|Any CPU
		{736D5B53-B4FF-4E10-BFF1-8AC9AEF65DA4}.Demo|x86.ActiveCfg = Debug|Any CPU
		{736D5B53-B4FF-4E10-BFF1-8AC9AEF65DA4}.Release|Any CPU.ActiveCfg = Debug|Any CPU
		{736D5B53-B4FF-4E10-BFF1-8AC9AEF65DA4}.Release|Any CPU.Build.0 = Debug|Any CPU
		{736D5B53-B4FF-4E10-BFF1-8AC9AEF65DA4}.Release|x86.ActiveCfg = Debug|Any CPU
		{736D5B53-B4FF-4E10-BFF1-8AC9AEF65DA4}.WinForms|Any CPU.ActiveCfg = Debug|Any CPU
		{736D5B53-B4FF-4E10-BFF1-8AC9AEF65DA4}.WinForms|Any CPU.Build.0 = Debug|Any CPU
		{736D5B53-B4FF-4E10-BFF1-8AC9AEF65DA4}.WinForms|x86.ActiveCfg = Debug|Any CPU
		{2417D98B-AFB2-4581-AD10-FF373B34BBCD}.Basic|Any CPU.ActiveCfg = Debug|Any CPU
		{2417D98B-AFB2-4581-AD10-FF373B34BBCD}.Basic|Any CPU.Build.0 = Debug|Any CPU
		{2417D98B-AFB2-4581-AD10-FF373B34BBCD}.Basic|x86.ActiveCfg = Debug|Any CPU
		{2417D98B-AFB2-4581-AD10-FF373B34BBCD}.Debug|Any CPU.ActiveCfg = Debug|Any CPU
		{2417D98B-AFB2-4581-AD10-FF373B34BBCD}.Debug|Any CPU.Build.0 = Debug|Any CPU
		{2417D98B-AFB2-4581-AD10-FF373B34BBCD}.Debug|x86.ActiveCfg = Debug|Any CPU
		{2417D98B-AFB2-4581-AD10-FF373B34BBCD}.Demo|Any CPU.ActiveCfg = Debug|Any CPU
		{2417D98B-AFB2-4581-AD10-FF373B34BBCD}.Demo|Any CPU.Build.0 = Debug|Any CPU
		{2417D98B-AFB2-4581-AD10-FF373B34BBCD}.Demo|x86.ActiveCfg = Debug|Any CPU
		{2417D98B-AFB2-4581-AD10-FF373B34BBCD}.Release|Any CPU.ActiveCfg = Debug|Any CPU
		{2417D98B-AFB2-4581-AD10-FF373B34BBCD}.Release|Any CPU.Build.0 = Debug|Any CPU
		{2417D98B-AFB2-4581-AD10-FF373B34BBCD}.Release|x86.ActiveCfg = Debug|Any CPU
		{2417D98B-AFB2-4581-AD10-FF373B34BBCD}.WinForms|Any CPU.ActiveCfg = Debug|Any CPU
		{2417D98B-AFB2-4581-AD10-FF373B34BBCD}.WinForms|Any CPU.Build.0 = Debug|Any CPU
		{2417D98B-AFB2-4581-AD10-FF373B34BBCD}.WinForms|x86.ActiveCfg = Debug|Any CPU
		{C6517824-595C-4953-BD5B-D29CF8B01303}.Basic|Any CPU.ActiveCfg = Release|Any CPU
		{C6517824-595C-4953-BD5B-D29CF8B01303}.Basic|Any CPU.Build.0 = Release|Any CPU
		{C6517824-595C-4953-BD5B-D29CF8B01303}.Basic|x86.ActiveCfg = Release|Any CPU
		{C6517824-595C-4953-BD5B-D29CF8B01303}.Debug|Any CPU.ActiveCfg = Debug|Any CPU
		{C6517824-595C-4953-BD5B-D29CF8B01303}.Debug|Any CPU.Build.0 = Debug|Any CPU
		{C6517824-595C-4953-BD5B-D29CF8B01303}.Debug|x86.ActiveCfg = Debug|Any CPU
		{C6517824-595C-4953-BD5B-D29CF8B01303}.Demo|Any CPU.ActiveCfg = Debug|Any CPU
		{C6517824-595C-4953-BD5B-D29CF8B01303}.Demo|Any CPU.Build.0 = Debug|Any CPU
		{C6517824-595C-4953-BD5B-D29CF8B01303}.Demo|x86.ActiveCfg = Debug|Any CPU
		{C6517824-595C-4953-BD5B-D29CF8B01303}.Release|Any CPU.ActiveCfg = Release|Any CPU
		{C6517824-595C-4953-BD5B-D29CF8B01303}.Release|Any CPU.Build.0 = Release|Any CPU
		{C6517824-595C-4953-BD5B-D29CF8B01303}.Release|x86.ActiveCfg = Release|Any CPU
		{C6517824-595C-4953-BD5B-D29CF8B01303}.WinForms|Any CPU.ActiveCfg = Release|Any CPU
		{C6517824-595C-4953-BD5B-D29CF8B01303}.WinForms|Any CPU.Build.0 = Release|Any CPU
		{C6517824-595C-4953-BD5B-D29CF8B01303}.WinForms|x86.ActiveCfg = Release|Any CPU
		{C4294F94-2221-4B00-AD42-07D2E113F37F}.Basic|Any CPU.ActiveCfg = Release|Any CPU
		{C4294F94-2221-4B00-AD42-07D2E113F37F}.Basic|Any CPU.Build.0 = Release|Any CPU
		{C4294F94-2221-4B00-AD42-07D2E113F37F}.Basic|x86.ActiveCfg = Release|Any CPU
		{C4294F94-2221-4B00-AD42-07D2E113F37F}.Debug|Any CPU.ActiveCfg = Debug|Any CPU
		{C4294F94-2221-4B00-AD42-07D2E113F37F}.Debug|Any CPU.Build.0 = Debug|Any CPU
		{C4294F94-2221-4B00-AD42-07D2E113F37F}.Debug|x86.ActiveCfg = Debug|Any CPU
		{C4294F94-2221-4B00-AD42-07D2E113F37F}.Demo|Any CPU.ActiveCfg = Debug|Any CPU
		{C4294F94-2221-4B00-AD42-07D2E113F37F}.Demo|Any CPU.Build.0 = Debug|Any CPU
		{C4294F94-2221-4B00-AD42-07D2E113F37F}.Demo|x86.ActiveCfg = Debug|Any CPU
		{C4294F94-2221-4B00-AD42-07D2E113F37F}.Release|Any CPU.ActiveCfg = Release|Any CPU
		{C4294F94-2221-4B00-AD42-07D2E113F37F}.Release|Any CPU.Build.0 = Release|Any CPU
		{C4294F94-2221-4B00-AD42-07D2E113F37F}.Release|x86.ActiveCfg = Release|Any CPU
		{C4294F94-2221-4B00-AD42-07D2E113F37F}.WinForms|Any CPU.ActiveCfg = Release|Any CPU
		{C4294F94-2221-4B00-AD42-07D2E113F37F}.WinForms|Any CPU.Build.0 = Release|Any CPU
		{C4294F94-2221-4B00-AD42-07D2E113F37F}.WinForms|x86.ActiveCfg = Release|Any CPU
		{11DE4167-5A23-4578-A5DA-77D3323BB02D}.Basic|Any CPU.ActiveCfg = Release|Any CPU
		{11DE4167-5A23-4578-A5DA-77D3323BB02D}.Basic|Any CPU.Build.0 = Release|Any CPU
		{11DE4167-5A23-4578-A5DA-77D3323BB02D}.Basic|x86.ActiveCfg = Release|Any CPU
		{11DE4167-5A23-4578-A5DA-77D3323BB02D}.Basic|x86.Build.0 = Release|Any CPU
		{11DE4167-5A23-4578-A5DA-77D3323BB02D}.Debug|Any CPU.ActiveCfg = Debug|Any CPU
		{11DE4167-5A23-4578-A5DA-77D3323BB02D}.Debug|Any CPU.Build.0 = Debug|Any CPU
		{11DE4167-5A23-4578-A5DA-77D3323BB02D}.Debug|x86.ActiveCfg = Debug|Any CPU
		{11DE4167-5A23-4578-A5DA-77D3323BB02D}.Debug|x86.Build.0 = Debug|Any CPU
		{11DE4167-5A23-4578-A5DA-77D3323BB02D}.Demo|Any CPU.ActiveCfg = Debug|Any CPU
		{11DE4167-5A23-4578-A5DA-77D3323BB02D}.Demo|Any CPU.Build.0 = Debug|Any CPU
		{11DE4167-5A23-4578-A5DA-77D3323BB02D}.Demo|x86.ActiveCfg = Debug|Any CPU
		{11DE4167-5A23-4578-A5DA-77D3323BB02D}.Demo|x86.Build.0 = Debug|Any CPU
		{11DE4167-5A23-4578-A5DA-77D3323BB02D}.Release|Any CPU.ActiveCfg = Release|Any CPU
		{11DE4167-5A23-4578-A5DA-77D3323BB02D}.Release|Any CPU.Build.0 = Release|Any CPU
		{11DE4167-5A23-4578-A5DA-77D3323BB02D}.Release|x86.ActiveCfg = Release|Any CPU
		{11DE4167-5A23-4578-A5DA-77D3323BB02D}.Release|x86.Build.0 = Release|Any CPU
		{11DE4167-5A23-4578-A5DA-77D3323BB02D}.WinForms|Any CPU.ActiveCfg = Release|Any CPU
		{11DE4167-5A23-4578-A5DA-77D3323BB02D}.WinForms|Any CPU.Build.0 = Release|Any CPU
		{11DE4167-5A23-4578-A5DA-77D3323BB02D}.WinForms|x86.ActiveCfg = Release|Any CPU
		{11DE4167-5A23-4578-A5DA-77D3323BB02D}.WinForms|x86.Build.0 = Release|Any CPU
		{DE3E0B56-ADAB-4138-AF02-092408718B4B}.Basic|Any CPU.ActiveCfg = Release|Any CPU
		{DE3E0B56-ADAB-4138-AF02-092408718B4B}.Basic|Any CPU.Build.0 = Release|Any CPU
		{DE3E0B56-ADAB-4138-AF02-092408718B4B}.Basic|x86.ActiveCfg = Release|Any CPU
		{DE3E0B56-ADAB-4138-AF02-092408718B4B}.Basic|x86.Build.0 = Release|Any CPU
		{DE3E0B56-ADAB-4138-AF02-092408718B4B}.Debug|Any CPU.ActiveCfg = Debug|Any CPU
		{DE3E0B56-ADAB-4138-AF02-092408718B4B}.Debug|Any CPU.Build.0 = Debug|Any CPU
		{DE3E0B56-ADAB-4138-AF02-092408718B4B}.Debug|x86.ActiveCfg = Debug|Any CPU
		{DE3E0B56-ADAB-4138-AF02-092408718B4B}.Debug|x86.Build.0 = Debug|Any CPU
		{DE3E0B56-ADAB-4138-AF02-092408718B4B}.Demo|Any CPU.ActiveCfg = Debug|Any CPU
		{DE3E0B56-ADAB-4138-AF02-092408718B4B}.Demo|Any CPU.Build.0 = Debug|Any CPU
		{DE3E0B56-ADAB-4138-AF02-092408718B4B}.Demo|x86.ActiveCfg = Debug|Any CPU
		{DE3E0B56-ADAB-4138-AF02-092408718B4B}.Demo|x86.Build.0 = Debug|Any CPU
		{DE3E0B56-ADAB-4138-AF02-092408718B4B}.Release|Any CPU.ActiveCfg = Release|Any CPU
		{DE3E0B56-ADAB-4138-AF02-092408718B4B}.Release|Any CPU.Build.0 = Release|Any CPU
		{DE3E0B56-ADAB-4138-AF02-092408718B4B}.Release|x86.ActiveCfg = Release|Any CPU
		{DE3E0B56-ADAB-4138-AF02-092408718B4B}.Release|x86.Build.0 = Release|Any CPU
		{DE3E0B56-ADAB-4138-AF02-092408718B4B}.WinForms|Any CPU.ActiveCfg = Release|Any CPU
		{DE3E0B56-ADAB-4138-AF02-092408718B4B}.WinForms|Any CPU.Build.0 = Release|Any CPU
		{DE3E0B56-ADAB-4138-AF02-092408718B4B}.WinForms|x86.ActiveCfg = Release|Any CPU
		{DE3E0B56-ADAB-4138-AF02-092408718B4B}.WinForms|x86.Build.0 = Release|Any CPU
		{CA4D07AB-CEF2-4352-8B0C-BF7ECDB273FC}.Basic|Any CPU.ActiveCfg = Release|Any CPU
		{CA4D07AB-CEF2-4352-8B0C-BF7ECDB273FC}.Basic|Any CPU.Build.0 = Release|Any CPU
		{CA4D07AB-CEF2-4352-8B0C-BF7ECDB273FC}.Basic|x86.ActiveCfg = Release|Any CPU
		{CA4D07AB-CEF2-4352-8B0C-BF7ECDB273FC}.Basic|x86.Build.0 = Release|Any CPU
		{CA4D07AB-CEF2-4352-8B0C-BF7ECDB273FC}.Debug|Any CPU.ActiveCfg = Debug|Any CPU
		{CA4D07AB-CEF2-4352-8B0C-BF7ECDB273FC}.Debug|Any CPU.Build.0 = Debug|Any CPU
		{CA4D07AB-CEF2-4352-8B0C-BF7ECDB273FC}.Debug|x86.ActiveCfg = Debug|Any CPU
		{CA4D07AB-CEF2-4352-8B0C-BF7ECDB273FC}.Debug|x86.Build.0 = Debug|Any CPU
		{CA4D07AB-CEF2-4352-8B0C-BF7ECDB273FC}.Demo|Any CPU.ActiveCfg = Debug|Any CPU
		{CA4D07AB-CEF2-4352-8B0C-BF7ECDB273FC}.Demo|Any CPU.Build.0 = Debug|Any CPU
		{CA4D07AB-CEF2-4352-8B0C-BF7ECDB273FC}.Demo|x86.ActiveCfg = Debug|Any CPU
		{CA4D07AB-CEF2-4352-8B0C-BF7ECDB273FC}.Demo|x86.Build.0 = Debug|Any CPU
		{CA4D07AB-CEF2-4352-8B0C-BF7ECDB273FC}.Release|Any CPU.ActiveCfg = Release|Any CPU
		{CA4D07AB-CEF2-4352-8B0C-BF7ECDB273FC}.Release|Any CPU.Build.0 = Release|Any CPU
		{CA4D07AB-CEF2-4352-8B0C-BF7ECDB273FC}.Release|x86.ActiveCfg = Release|Any CPU
		{CA4D07AB-CEF2-4352-8B0C-BF7ECDB273FC}.Release|x86.Build.0 = Release|Any CPU
		{CA4D07AB-CEF2-4352-8B0C-BF7ECDB273FC}.WinForms|Any CPU.ActiveCfg = Release|Any CPU
		{CA4D07AB-CEF2-4352-8B0C-BF7ECDB273FC}.WinForms|Any CPU.Build.0 = Release|Any CPU
		{CA4D07AB-CEF2-4352-8B0C-BF7ECDB273FC}.WinForms|x86.ActiveCfg = Release|Any CPU
		{CA4D07AB-CEF2-4352-8B0C-BF7ECDB273FC}.WinForms|x86.Build.0 = Release|Any CPU
		{41905987-1E3C-4D7B-A052-0CCAC80051ED}.Basic|Any CPU.ActiveCfg = Release|Any CPU
		{41905987-1E3C-4D7B-A052-0CCAC80051ED}.Basic|Any CPU.Build.0 = Release|Any CPU
		{41905987-1E3C-4D7B-A052-0CCAC80051ED}.Basic|x86.ActiveCfg = Release|Any CPU
		{41905987-1E3C-4D7B-A052-0CCAC80051ED}.Basic|x86.Build.0 = Release|Any CPU
		{41905987-1E3C-4D7B-A052-0CCAC80051ED}.Debug|Any CPU.ActiveCfg = Debug|Any CPU
		{41905987-1E3C-4D7B-A052-0CCAC80051ED}.Debug|Any CPU.Build.0 = Debug|Any CPU
		{41905987-1E3C-4D7B-A052-0CCAC80051ED}.Debug|x86.ActiveCfg = Debug|Any CPU
		{41905987-1E3C-4D7B-A052-0CCAC80051ED}.Debug|x86.Build.0 = Debug|Any CPU
		{41905987-1E3C-4D7B-A052-0CCAC80051ED}.Demo|Any CPU.ActiveCfg = Debug|Any CPU
		{41905987-1E3C-4D7B-A052-0CCAC80051ED}.Demo|Any CPU.Build.0 = Debug|Any CPU
		{41905987-1E3C-4D7B-A052-0CCAC80051ED}.Demo|x86.ActiveCfg = Debug|Any CPU
		{41905987-1E3C-4D7B-A052-0CCAC80051ED}.Demo|x86.Build.0 = Debug|Any CPU
		{41905987-1E3C-4D7B-A052-0CCAC80051ED}.Release|Any CPU.ActiveCfg = Release|Any CPU
		{41905987-1E3C-4D7B-A052-0CCAC80051ED}.Release|Any CPU.Build.0 = Release|Any CPU
		{41905987-1E3C-4D7B-A052-0CCAC80051ED}.Release|x86.ActiveCfg = Release|Any CPU
		{41905987-1E3C-4D7B-A052-0CCAC80051ED}.Release|x86.Build.0 = Release|Any CPU
		{41905987-1E3C-4D7B-A052-0CCAC80051ED}.WinForms|Any CPU.ActiveCfg = Release|Any CPU
		{41905987-1E3C-4D7B-A052-0CCAC80051ED}.WinForms|Any CPU.Build.0 = Release|Any CPU
		{41905987-1E3C-4D7B-A052-0CCAC80051ED}.WinForms|x86.ActiveCfg = Release|Any CPU
		{41905987-1E3C-4D7B-A052-0CCAC80051ED}.WinForms|x86.Build.0 = Release|Any CPU
		{E236BA21-313E-458C-BADE-62AB671CFBAC}.Basic|Any CPU.ActiveCfg = Release|Any CPU
		{E236BA21-313E-458C-BADE-62AB671CFBAC}.Basic|Any CPU.Build.0 = Release|Any CPU
		{E236BA21-313E-458C-BADE-62AB671CFBAC}.Basic|x86.ActiveCfg = Release|Any CPU
		{E236BA21-313E-458C-BADE-62AB671CFBAC}.Debug|Any CPU.ActiveCfg = Debug|Any CPU
		{E236BA21-313E-458C-BADE-62AB671CFBAC}.Debug|Any CPU.Build.0 = Debug|Any CPU
		{E236BA21-313E-458C-BADE-62AB671CFBAC}.Debug|x86.ActiveCfg = Debug|Any CPU
		{E236BA21-313E-458C-BADE-62AB671CFBAC}.Demo|Any CPU.ActiveCfg = Debug|Any CPU
		{E236BA21-313E-458C-BADE-62AB671CFBAC}.Demo|Any CPU.Build.0 = Debug|Any CPU
		{E236BA21-313E-458C-BADE-62AB671CFBAC}.Demo|x86.ActiveCfg = Debug|Any CPU
		{E236BA21-313E-458C-BADE-62AB671CFBAC}.Release|Any CPU.ActiveCfg = Release|Any CPU
		{E236BA21-313E-458C-BADE-62AB671CFBAC}.Release|Any CPU.Build.0 = Release|Any CPU
		{E236BA21-313E-458C-BADE-62AB671CFBAC}.Release|x86.ActiveCfg = Release|Any CPU
		{E236BA21-313E-458C-BADE-62AB671CFBAC}.WinForms|Any CPU.ActiveCfg = Release|Any CPU
		{E236BA21-313E-458C-BADE-62AB671CFBAC}.WinForms|Any CPU.Build.0 = Release|Any CPU
		{E236BA21-313E-458C-BADE-62AB671CFBAC}.WinForms|x86.ActiveCfg = Release|Any CPU
	EndGlobalSection
	GlobalSection(SolutionProperties) = preSolution
		HideSolutionNode = FALSE
	EndGlobalSection
	GlobalSection(NestedProjects) = preSolution
		{6331865F-BF8F-4D4F-96EF-711C336CF200} = {A8B0AC4B-F013-4E5B-88EA-F316C7E35A0D}
		{1BEA1747-A353-423E-988C-FEB3668863E2} = {1CB38D62-0655-40D5-955B-8BE9B39FD8F4}
		{43ECB053-BD96-4933-B389-2CB886311AA4} = {A8B0AC4B-F013-4E5B-88EA-F316C7E35A0D}
		{D05DFBD8-6DB7-497D-8967-9E669490ED4E} = {A8B0AC4B-F013-4E5B-88EA-F316C7E35A0D}
		{736D5B53-B4FF-4E10-BFF1-8AC9AEF65DA4} = {6331865F-BF8F-4D4F-96EF-711C336CF200}
		{2417D98B-AFB2-4581-AD10-FF373B34BBCD} = {6331865F-BF8F-4D4F-96EF-711C336CF200}
		{C6517824-595C-4953-BD5B-D29CF8B01303} = {D05DFBD8-6DB7-497D-8967-9E669490ED4E}
		{C4294F94-2221-4B00-AD42-07D2E113F37F} = {D05DFBD8-6DB7-497D-8967-9E669490ED4E}
		{EFB0DDEE-4348-40D2-A9F4-F10CE933F05F} = {D05DFBD8-6DB7-497D-8967-9E669490ED4E}
		{11DE4167-5A23-4578-A5DA-77D3323BB02D} = {EFB0DDEE-4348-40D2-A9F4-F10CE933F05F}
		{DE3E0B56-ADAB-4138-AF02-092408718B4B} = {EFB0DDEE-4348-40D2-A9F4-F10CE933F05F}
		{CA4D07AB-CEF2-4352-8B0C-BF7ECDB273FC} = {EFB0DDEE-4348-40D2-A9F4-F10CE933F05F}
		{0213571A-D656-4D70-91E4-19C0E0D5A151} = {B84089D9-2B98-4C3D-9109-715CD82243CC}
		{B84089D9-2B98-4C3D-9109-715CD82243CC} = {43ECB053-BD96-4933-B389-2CB886311AA4}
		{41905987-1E3C-4D7B-A052-0CCAC80051ED} = {EFB0DDEE-4348-40D2-A9F4-F10CE933F05F}
		{E236BA21-313E-458C-BADE-62AB671CFBAC} = {D05DFBD8-6DB7-497D-8967-9E669490ED4E}
	EndGlobalSection
EndGlobal
