
Microsoft Visual Studio Solution File, Format Version 12.00
# Visual Studio 2013
VisualStudioVersion = 12.0.40418.0
MinimumVisualStudioVersion = 10.0.40219.1
Project("{2150E333-8FDC-42A3-9474-1A3956D46DE8}") = "misc", "misc", "{DB98D137-C0B4-417A-8D81-73C2EE6A6114}"
EndProject
Project("{2150E333-8FDC-42A3-9474-1A3956D46DE8}") = "src", "src", "{A8B0AC4B-F013-4E5B-88EA-F316C7E35A0D}"
EndProject
Project("{2150E333-8FDC-42A3-9474-1A3956D46DE8}") = "libraries", "libraries", "{897D5C4C-88F8-4912-BA36-1D1F9FAF9123}"
EndProject
Project("{2150E333-8FDC-42A3-9474-1A3956D46DE8}") = "web", "web", "{6331865F-BF8F-4D4F-96EF-711C336CF200}"
EndProject
Project("{2150E333-8FDC-42A3-9474-1A3956D46DE8}") = "Assembly", "Assembly", "{651E0B3C-193B-47BC-BAAA-53509754012B}"
	ProjectSection(SolutionItems) = preProject
		misc\Assembly\CommonAsslyInfo.cs = misc\Assembly\CommonAssemblyInfo.cs
	EndProjectSection
EndProject
Project("{E24C65DC-7377-472B-9ABA-BC803B73C61A}") = "barsroot", "http://localhost/barsroot", "{736D5B53-B4FF-4E10-BFF1-8AC9AEF65DA4}"
	ProjectSection(WebsiteProperties) = preProject
		SccProjectName = ""
		SccAuxPath = ""
		SccLocalPath = ""
		SccProvider = ""
		UseIISExpress = "false"
		TargetFrameworkMoniker = ".NETFramework,Version%3Dv4.0"
		ProjectReferences = "{49f7ffe6-193a-4ac6-98cf-4c4972ecc190}|BarsWeb.DbPravider.Oracle.dll;"
		Debug.AspNetCompiler.VirtualPath = "/barsroot"
		Debug.AspNetCompiler.PhysicalPath = "barsroot\"
		Debug.AspNetCompiler.TargetPath = "PrecompiledWeb\barsroot\"
		Debug.AspNetCompiler.Updateable = "true"
		Debug.AspNetCompiler.ForceOverwrite = "true"
		Debug.AspNetCompiler.FixedNames = "false"
		Debug.AspNetCompiler.Debug = "True"
		Release.AspNetCompiler.VirtualPath = "/barsroot"
		Release.AspNetCompiler.PhysicalPath = "barsroot\"
		Release.AspNetCompiler.TargetPath = "PrecompiledWeb\barsroot\"
		Release.AspNetCompiler.Updateable = "true"
		Release.AspNetCompiler.ForceOverwrite = "true"
		Release.AspNetCompiler.FixedNames = "false"
		Release.AspNetCompiler.Debug = "False"
		SlnRelativePath = "barsroot\"
	EndProjectSection
EndProject
Project("{E24C65DC-7377-472B-9ABA-BC803B73C61A}") = "common", "http://localhost/common", "{2417D98B-AFB2-4581-AD10-FF373B34BBCD}"
	ProjectSection(WebsiteProperties) = preProject
		SccProjectName = "SAK"
		SccAuxPath = "SAK"
		SccLocalPath = "SAK"
		SccProvider = "SAK"
		UseIISExpress = "false"
		TargetFrameworkMoniker = ".NETFramework,Version%3Dv4.0"
		Debug.AspNetCompiler.VirtualPath = "/common"
		Debug.AspNetCompiler.PhysicalPath = "Common\"
		Debug.AspNetCompiler.TargetPath = "PrecompiledWeb\common\"
		Debug.AspNetCompiler.Updateable = "true"
		Debug.AspNetCompiler.ForceOverwrite = "true"
		Debug.AspNetCompiler.FixedNames = "false"
		Debug.AspNetCompiler.Debug = "True"
		Release.AspNetCompiler.VirtualPath = "/common"
		Release.AspNetCompiler.PhysicalPath = "Common\"
		Release.AspNetCompiler.TargetPath = "PrecompiledWeb\common\"
		Release.AspNetCompiler.Updateable = "true"
		Release.AspNetCompiler.ForceOverwrite = "true"
		Release.AspNetCompiler.FixedNames = "false"
		Release.AspNetCompiler.Debug = "False"
		SlnRelativePath = "Common\"
	EndProjectSection
EndProject
Project("{FAE04EC0-301F-11D3-BF4B-00C04F79EFBC}") = "Bars.DataComponents", "src\Bars.DataComponents\Bars.DataComponents.csproj", "{DB9E00CF-E35B-41FC-905A-52EBEFEBB432}"
EndProject
Project("{FAE04EC0-301F-11D3-BF4B-00C04F79EFBC}") = "UnityBars.XmlForm", "src\UnityBars.XmlForm\UnityBars.XmlForm.csproj", "{CAD985B1-B41D-42BC-848D-243A6A0050BC}"
EndProject
Project("{2150E333-8FDC-42A3-9474-1A3956D46DE8}") = "sql", "sql", "{5DEEDD6A-2F45-4361-992A-022C044ADD48}"
EndProject
Project("{218574D1-FF94-4B95-8577-A6D58C11C315}") = "sql.bars", "src\sql.bars\sql.bars.oradbproj", "{218574D1-FF94-4B95-8577-A6D58C11C315}"
EndProject
Project("{2150E333-8FDC-42A3-9474-1A3956D46DE8}") = "tools", "tools", "{86D78639-FE3D-4BE5-ACB3-A7D2F7887ADF}"
EndProject
Project("{FAE04EC0-301F-11D3-BF4B-00C04F79EFBC}") = "bars.nuget", "src\bars.nuget\bars.nuget.csproj", "{DCD75A71-381A-4A93-B14E-577320F5DAB9}"
EndProject
Project("{FAE04EC0-301F-11D3-BF4B-00C04F79EFBC}") = "barsweb.core", "src\barsweb.core\barsweb.core.csproj", "{E236BA21-313E-458C-BADE-62AB671CFBAC}"
EndProject
Project("{2150E333-8FDC-42A3-9474-1A3956D46DE8}") = "AreaSamples", "AreaSamples", "{A2A65E12-2442-44BB-B5AD-F71B51E2581B}"
EndProject
Project("{2150E333-8FDC-42A3-9474-1A3956D46DE8}") = "App_Code", "App_Code", "{DF701187-4CAD-4B30-B762-72F501383681}"
EndProject
Project("{2150E333-8FDC-42A3-9474-1A3956D46DE8}") = "Areas", "Areas", "{A554209A-98C3-410B-82EF-91323F4C2465}"
EndProject
Project("{2150E333-8FDC-42A3-9474-1A3956D46DE8}") = "FastReport", "FastReport", "{8D26D106-14D9-4628-BCF0-CDA1AA7291C3}"
EndProject
Project("{FAE04EC0-301F-11D3-BF4B-00C04F79EFBC}") = "FastReport", "src\FastReport\FastReport\FastReport.csproj", "{7C64FBDC-25E5-47FF-B6F8-443256745E2D}"
EndProject
Project("{FAE04EC0-301F-11D3-BF4B-00C04F79EFBC}") = "FastReport.Designer", "src\FastReport\FastReport.Designer\FastReport.Designer.csproj", "{AEFA80AC-17CF-4784-A4D3-E0CD9712E5BC}"
EndProject
Project("{FAE04EC0-301F-11D3-BF4B-00C04F79EFBC}") = "FastReport.Oracle", "src\FastReport\FastReport.OracleODP\FastReport.Oracle.csproj", "{447AA2D2-EACA-4819-A605-14FA4921FA3D}"
EndProject
Project("{FAE04EC0-301F-11D3-BF4B-00C04F79EFBC}") = "FastReport.Service", "src\FastReport\FastReport.Service\FastReport.Service.csproj", "{D4496C0B-9EED-4776-AD18-049493B8C737}"
EndProject
Project("{FAE04EC0-301F-11D3-BF4B-00C04F79EFBC}") = "FastReport.VSDesign", "src\FastReport\FastReport.VSDesign\FastReport.VSDesign.csproj", "{93A0A134-9687-44DF-A49A-F5FE6A9C89DC}"
EndProject
Project("{FAE04EC0-301F-11D3-BF4B-00C04F79EFBC}") = "FastReport.Web", "src\FastReport\FastReport.Web\FastReport.Web.csproj", "{29A4C63B-8704-4A37-B3B5-B0871727C9C5}"
EndProject
Project("{FAE04EC0-301F-11D3-BF4B-00C04F79EFBC}") = "FastReport.Print", "src\FastReport\FastReport.Print\FastReport.Print.csproj", "{5915E098-15F6-47A6-B80A-7E5E4B06202F}"
EndProject
Project("{2150E333-8FDC-42A3-9474-1A3956D46DE8}") = ".nuget", ".nuget", "{1CB38D62-0655-40D5-955B-8BE9B39FD8F4}"
	ProjectSection(SolutionItems) = preProject
		.nuget\BuildPkg.bat = .nuget\BuildPkg.bat
		.nuget\NuGet.Config = .nuget\NuGet.Config
		.nuget\NuGet.exe = .nuget\NuGet.exe
		.nuget\NuGet.targets = .nuget\NuGet.targets
	EndProjectSection
EndProject
Project("{2150E333-8FDC-42A3-9474-1A3956D46DE8}") = "build", "build", "{C457A349-6209-4013-B12A-264221D27C3E}"
	ProjectSection(SolutionItems) = preProject
		build\Cl3ClientLib.dll = build\Cl3ClientLib.dll
	EndProjectSection
EndProject
Project("{2150E333-8FDC-42A3-9474-1A3956D46DE8}") = "Debug", "Debug", "{B17070FA-8727-427C-BB25-7D29C41ADCAD}"
	ProjectSection(SolutionItems) = preProject
		build\Debug\readme.txt = build\Debug\readme.txt
	EndProjectSection
EndProject
Project("{2150E333-8FDC-42A3-9474-1A3956D46DE8}") = "Release", "Release", "{BE82A371-0908-4E0F-8D2C-3B8E69C75E2E}"
	ProjectSection(SolutionItems) = preProject
		build\Release\readme.txt = build\Release\readme.txt
	EndProjectSection
EndProject
Project("{2150E333-8FDC-42A3-9474-1A3956D46DE8}") = "NuSpecs", "NuSpecs", "{1BEA1747-A353-423E-988C-FEB3668863E2}"
	ProjectSection(SolutionItems) = preProject
		.nuget\NuSpecs\Cl3ClientLib.nuspec = .nuget\NuSpecs\Cl3ClientLib.nuspec
		.nuget\NuSpecs\FastReport.Bars.nuspec = .nuget\NuSpecs\FastReport.Bars.nuspec
		.nuget\NuSpecs\FastReport.Editor.nuspec = .nuget\NuSpecs\FastReport.Editor.nuspec
		.nuget\NuSpecs\FastReport.Full.nuspec = .nuget\NuSpecs\FastReport.Full.nuspec
		.nuget\NuSpecs\ibank.core.nuspec = .nuget\NuSpecs\ibank.core.nuspec
	EndProjectSection
EndProject
Project("{2150E333-8FDC-42A3-9474-1A3956D46DE8}") = "net20", "net20", "{C584FA5E-D531-4EEB-B528-D15849CDD304}"
EndProject
Project("{2150E333-8FDC-42A3-9474-1A3956D46DE8}") = "net40", "net40", "{BA4F523E-C74B-4EA6-9F6F-C2623F612707}"
	ProjectSection(SolutionItems) = preProject
		build\net40\FastReport.Bars.dll = build\net40\FastReport.Bars.dll
		build\net40\FastReport.Editor.dll = build\net40\FastReport.Editor.dll
	EndProjectSection
EndProject
Project("{FAE04EC0-301F-11D3-BF4B-00C04F79EFBC}") = "BarsWeb.DbPravider.Oracle", "src\Providers\BarsWeb.DbPravider.Oracle\BarsWeb.DbPravider.Oracle.csproj", "{49F7FFE6-193A-4AC6-98CF-4C4972ECC190}"
EndProject
Global
	GlobalSection(SolutionConfigurationPlatforms) = preSolution
		Basic|Any CPU = Basic|Any CPU
		Basic|x86 = Basic|x86
		Debug|Any CPU = Debug|Any CPU
		Debug|x86 = Debug|x86
		Demo|Any CPU = Demo|Any CPU
		Demo|x86 = Demo|x86
		Release|Any CPU = Release|Any CPU
		Release|x86 = Release|x86
		WinForms|Any CPU = WinForms|Any CPU
		WinForms|x86 = WinForms|x86
	EndGlobalSection
	GlobalSection(ProjectConfigurationPlatforms) = postSolution
		{736D5B53-B4FF-4E10-BFF1-8AC9AEF65DA4}.Basic|Any CPU.ActiveCfg = Debug|Any CPU
		{736D5B53-B4FF-4E10-BFF1-8AC9AEF65DA4}.Basic|Any CPU.Build.0 = Debug|Any CPU
		{736D5B53-B4FF-4E10-BFF1-8AC9AEF65DA4}.Basic|x86.ActiveCfg = Debug|Any CPU
		{736D5B53-B4FF-4E10-BFF1-8AC9AEF65DA4}.Debug|Any CPU.ActiveCfg = Debug|Any CPU
		{736D5B53-B4FF-4E10-BFF1-8AC9AEF65DA4}.Debug|Any CPU.Build.0 = Debug|Any CPU
		{736D5B53-B4FF-4E10-BFF1-8AC9AEF65DA4}.Debug|x86.ActiveCfg = Debug|Any CPU
		{736D5B53-B4FF-4E10-BFF1-8AC9AEF65DA4}.Demo|Any CPU.ActiveCfg = Debug|Any CPU
		{736D5B53-B4FF-4E10-BFF1-8AC9AEF65DA4}.Demo|Any CPU.Build.0 = Debug|Any CPU
		{736D5B53-B4FF-4E10-BFF1-8AC9AEF65DA4}.Demo|x86.ActiveCfg = Debug|Any CPU
		{736D5B53-B4FF-4E10-BFF1-8AC9AEF65DA4}.Release|Any CPU.ActiveCfg = Debug|Any CPU
		{736D5B53-B4FF-4E10-BFF1-8AC9AEF65DA4}.Release|Any CPU.Build.0 = Debug|Any CPU
		{736D5B53-B4FF-4E10-BFF1-8AC9AEF65DA4}.Release|x86.ActiveCfg = Debug|Any CPU
		{736D5B53-B4FF-4E10-BFF1-8AC9AEF65DA4}.WinForms|Any CPU.ActiveCfg = Debug|Any CPU
		{736D5B53-B4FF-4E10-BFF1-8AC9AEF65DA4}.WinForms|Any CPU.Build.0 = Debug|Any CPU
		{736D5B53-B4FF-4E10-BFF1-8AC9AEF65DA4}.WinForms|x86.ActiveCfg = Debug|Any CPU
		{2417D98B-AFB2-4581-AD10-FF373B34BBCD}.Basic|Any CPU.ActiveCfg = Debug|Any CPU
		{2417D98B-AFB2-4581-AD10-FF373B34BBCD}.Basic|Any CPU.Build.0 = Debug|Any CPU
		{2417D98B-AFB2-4581-AD10-FF373B34BBCD}.Basic|x86.ActiveCfg = Debug|Any CPU
		{2417D98B-AFB2-4581-AD10-FF373B34BBCD}.Debug|Any CPU.ActiveCfg = Debug|Any CPU
		{2417D98B-AFB2-4581-AD10-FF373B34BBCD}.Debug|Any CPU.Build.0 = Debug|Any CPU
		{2417D98B-AFB2-4581-AD10-FF373B34BBCD}.Debug|x86.ActiveCfg = Debug|Any CPU
		{2417D98B-AFB2-4581-AD10-FF373B34BBCD}.Demo|Any CPU.ActiveCfg = Debug|Any CPU
		{2417D98B-AFB2-4581-AD10-FF373B34BBCD}.Demo|Any CPU.Build.0 = Debug|Any CPU
		{2417D98B-AFB2-4581-AD10-FF373B34BBCD}.Demo|x86.ActiveCfg = Debug|Any CPU
		{2417D98B-AFB2-4581-AD10-FF373B34BBCD}.Release|Any CPU.ActiveCfg = Debug|Any CPU
		{2417D98B-AFB2-4581-AD10-FF373B34BBCD}.Release|Any CPU.Build.0 = Debug|Any CPU
		{2417D98B-AFB2-4581-AD10-FF373B34BBCD}.Release|x86.ActiveCfg = Debug|Any CPU
		{2417D98B-AFB2-4581-AD10-FF373B34BBCD}.WinForms|Any CPU.ActiveCfg = Debug|Any CPU
		{2417D98B-AFB2-4581-AD10-FF373B34BBCD}.WinForms|Any CPU.Build.0 = Debug|Any CPU
		{2417D98B-AFB2-4581-AD10-FF373B34BBCD}.WinForms|x86.ActiveCfg = Debug|Any CPU
		{DB9E00CF-E35B-41FC-905A-52EBEFEBB432}.Basic|Any CPU.ActiveCfg = Release|Any CPU
		{DB9E00CF-E35B-41FC-905A-52EBEFEBB432}.Basic|Any CPU.Build.0 = Release|Any CPU
		{DB9E00CF-E35B-41FC-905A-52EBEFEBB432}.Basic|x86.ActiveCfg = Release|Any CPU
		{DB9E00CF-E35B-41FC-905A-52EBEFEBB432}.Debug|Any CPU.ActiveCfg = Debug|Any CPU
		{DB9E00CF-E35B-41FC-905A-52EBEFEBB432}.Debug|Any CPU.Build.0 = Debug|Any CPU
		{DB9E00CF-E35B-41FC-905A-52EBEFEBB432}.Debug|x86.ActiveCfg = Debug|Any CPU
		{DB9E00CF-E35B-41FC-905A-52EBEFEBB432}.Demo|Any CPU.ActiveCfg = Debug|Any CPU
		{DB9E00CF-E35B-41FC-905A-52EBEFEBB432}.Demo|Any CPU.Build.0 = Debug|Any CPU
		{DB9E00CF-E35B-41FC-905A-52EBEFEBB432}.Demo|x86.ActiveCfg = Debug|Any CPU
		{DB9E00CF-E35B-41FC-905A-52EBEFEBB432}.Release|Any CPU.ActiveCfg = Release|Any CPU
		{DB9E00CF-E35B-41FC-905A-52EBEFEBB432}.Release|Any CPU.Build.0 = Release|Any CPU
		{DB9E00CF-E35B-41FC-905A-52EBEFEBB432}.Release|x86.ActiveCfg = Release|Any CPU
		{DB9E00CF-E35B-41FC-905A-52EBEFEBB432}.WinForms|Any CPU.ActiveCfg = Release|Any CPU
		{DB9E00CF-E35B-41FC-905A-52EBEFEBB432}.WinForms|Any CPU.Build.0 = Release|Any CPU
		{DB9E00CF-E35B-41FC-905A-52EBEFEBB432}.WinForms|x86.ActiveCfg = Release|Any CPU
		{CAD985B1-B41D-42BC-848D-243A6A0050BC}.Basic|Any CPU.ActiveCfg = Release|Any CPU
		{CAD985B1-B41D-42BC-848D-243A6A0050BC}.Basic|Any CPU.Build.0 = Release|Any CPU
		{CAD985B1-B41D-42BC-848D-243A6A0050BC}.Basic|x86.ActiveCfg = Release|Any CPU
		{CAD985B1-B41D-42BC-848D-243A6A0050BC}.Debug|Any CPU.ActiveCfg = Debug|Any CPU
		{CAD985B1-B41D-42BC-848D-243A6A0050BC}.Debug|Any CPU.Build.0 = Debug|Any CPU
		{CAD985B1-B41D-42BC-848D-243A6A0050BC}.Debug|x86.ActiveCfg = Debug|Any CPU
		{CAD985B1-B41D-42BC-848D-243A6A0050BC}.Demo|Any CPU.ActiveCfg = Debug|Any CPU
		{CAD985B1-B41D-42BC-848D-243A6A0050BC}.Demo|Any CPU.Build.0 = Debug|Any CPU
		{CAD985B1-B41D-42BC-848D-243A6A0050BC}.Demo|x86.ActiveCfg = Debug|Any CPU
		{CAD985B1-B41D-42BC-848D-243A6A0050BC}.Release|Any CPU.ActiveCfg = Release|Any CPU
		{CAD985B1-B41D-42BC-848D-243A6A0050BC}.Release|Any CPU.Build.0 = Release|Any CPU
		{CAD985B1-B41D-42BC-848D-243A6A0050BC}.Release|x86.ActiveCfg = Release|Any CPU
		{CAD985B1-B41D-42BC-848D-243A6A0050BC}.WinForms|Any CPU.ActiveCfg = Release|Any CPU
		{CAD985B1-B41D-42BC-848D-243A6A0050BC}.WinForms|Any CPU.Build.0 = Release|Any CPU
		{CAD985B1-B41D-42BC-848D-243A6A0050BC}.WinForms|x86.ActiveCfg = Release|Any CPU
		{DCD75A71-381A-4A93-B14E-577320F5DAB9}.Basic|Any CPU.ActiveCfg = Release|Any CPU
		{DCD75A71-381A-4A93-B14E-577320F5DAB9}.Basic|Any CPU.Build.0 = Release|Any CPU
		{DCD75A71-381A-4A93-B14E-577320F5DAB9}.Basic|x86.ActiveCfg = Release|Any CPU
		{DCD75A71-381A-4A93-B14E-577320F5DAB9}.Debug|Any CPU.ActiveCfg = Debug|Any CPU
		{DCD75A71-381A-4A93-B14E-577320F5DAB9}.Debug|Any CPU.Build.0 = Debug|Any CPU
		{DCD75A71-381A-4A93-B14E-577320F5DAB9}.Debug|x86.ActiveCfg = Debug|Any CPU
		{DCD75A71-381A-4A93-B14E-577320F5DAB9}.Demo|Any CPU.ActiveCfg = Debug|Any CPU
		{DCD75A71-381A-4A93-B14E-577320F5DAB9}.Demo|Any CPU.Build.0 = Debug|Any CPU
		{DCD75A71-381A-4A93-B14E-577320F5DAB9}.Demo|x86.ActiveCfg = Debug|Any CPU
		{DCD75A71-381A-4A93-B14E-577320F5DAB9}.Release|Any CPU.ActiveCfg = Release|Any CPU
		{DCD75A71-381A-4A93-B14E-577320F5DAB9}.Release|Any CPU.Build.0 = Release|Any CPU
		{DCD75A71-381A-4A93-B14E-577320F5DAB9}.Release|x86.ActiveCfg = Release|Any CPU
		{DCD75A71-381A-4A93-B14E-577320F5DAB9}.WinForms|Any CPU.ActiveCfg = Release|Any CPU
		{DCD75A71-381A-4A93-B14E-577320F5DAB9}.WinForms|Any CPU.Build.0 = Release|Any CPU
		{DCD75A71-381A-4A93-B14E-577320F5DAB9}.WinForms|x86.ActiveCfg = Release|Any CPU
		{E236BA21-313E-458C-BADE-62AB671CFBAC}.Basic|Any CPU.ActiveCfg = Release|Any CPU
		{E236BA21-313E-458C-BADE-62AB671CFBAC}.Basic|Any CPU.Build.0 = Release|Any CPU
		{E236BA21-313E-458C-BADE-62AB671CFBAC}.Basic|x86.ActiveCfg = Release|Any CPU
		{E236BA21-313E-458C-BADE-62AB671CFBAC}.Debug|Any CPU.ActiveCfg = Debug|Any CPU
		{E236BA21-313E-458C-BADE-62AB671CFBAC}.Debug|x86.ActiveCfg = Debug|Any CPU
		{E236BA21-313E-458C-BADE-62AB671CFBAC}.Demo|Any CPU.ActiveCfg = Debug|Any CPU
		{E236BA21-313E-458C-BADE-62AB671CFBAC}.Demo|Any CPU.Build.0 = Debug|Any CPU
		{E236BA21-313E-458C-BADE-62AB671CFBAC}.Demo|x86.ActiveCfg = Debug|Any CPU
		{E236BA21-313E-458C-BADE-62AB671CFBAC}.Release|Any CPU.ActiveCfg = Release|Any CPU
		{E236BA21-313E-458C-BADE-62AB671CFBAC}.Release|Any CPU.Build.0 = Release|Any CPU
		{E236BA21-313E-458C-BADE-62AB671CFBAC}.Release|x86.ActiveCfg = Release|Any CPU
		{E236BA21-313E-458C-BADE-62AB671CFBAC}.WinForms|Any CPU.ActiveCfg = Release|Any CPU
		{E236BA21-313E-458C-BADE-62AB671CFBAC}.WinForms|Any CPU.Build.0 = Release|Any CPU
		{E236BA21-313E-458C-BADE-62AB671CFBAC}.WinForms|x86.ActiveCfg = Release|Any CPU
		{7C64FBDC-25E5-47FF-B6F8-443256745E2D}.Basic|Any CPU.ActiveCfg = Basic|Any CPU
		{7C64FBDC-25E5-47FF-B6F8-443256745E2D}.Basic|Any CPU.Build.0 = Basic|Any CPU
		{7C64FBDC-25E5-47FF-B6F8-443256745E2D}.Basic|x86.ActiveCfg = Basic|Any CPU
		{7C64FBDC-25E5-47FF-B6F8-443256745E2D}.Debug|Any CPU.ActiveCfg = Debug|Any CPU
		{7C64FBDC-25E5-47FF-B6F8-443256745E2D}.Debug|Any CPU.Build.0 = Debug|Any CPU
		{7C64FBDC-25E5-47FF-B6F8-443256745E2D}.Debug|x86.ActiveCfg = Debug|Any CPU
		{7C64FBDC-25E5-47FF-B6F8-443256745E2D}.Demo|Any CPU.ActiveCfg = Demo|Any CPU
		{7C64FBDC-25E5-47FF-B6F8-443256745E2D}.Demo|Any CPU.Build.0 = Demo|Any CPU
		{7C64FBDC-25E5-47FF-B6F8-443256745E2D}.Demo|x86.ActiveCfg = Demo|Any CPU
		{7C64FBDC-25E5-47FF-B6F8-443256745E2D}.Release|Any CPU.ActiveCfg = Release|Any CPU
		{7C64FBDC-25E5-47FF-B6F8-443256745E2D}.Release|Any CPU.Build.0 = Release|Any CPU
		{7C64FBDC-25E5-47FF-B6F8-443256745E2D}.Release|x86.ActiveCfg = Release|Any CPU
		{7C64FBDC-25E5-47FF-B6F8-443256745E2D}.WinForms|Any CPU.ActiveCfg = WinForms|Any CPU
		{7C64FBDC-25E5-47FF-B6F8-443256745E2D}.WinForms|Any CPU.Build.0 = WinForms|Any CPU
		{7C64FBDC-25E5-47FF-B6F8-443256745E2D}.WinForms|x86.ActiveCfg = WinForms|Any CPU
		{AEFA80AC-17CF-4784-A4D3-E0CD9712E5BC}.Basic|Any CPU.ActiveCfg = Release|Any CPU
		{AEFA80AC-17CF-4784-A4D3-E0CD9712E5BC}.Basic|Any CPU.Build.0 = Release|Any CPU
		{AEFA80AC-17CF-4784-A4D3-E0CD9712E5BC}.Basic|x86.ActiveCfg = Release|x86
		{AEFA80AC-17CF-4784-A4D3-E0CD9712E5BC}.Basic|x86.Build.0 = Release|x86
		{AEFA80AC-17CF-4784-A4D3-E0CD9712E5BC}.Debug|Any CPU.ActiveCfg = Debug|Any CPU
		{AEFA80AC-17CF-4784-A4D3-E0CD9712E5BC}.Debug|Any CPU.Build.0 = Debug|Any CPU
		{AEFA80AC-17CF-4784-A4D3-E0CD9712E5BC}.Debug|x86.ActiveCfg = Debug|x86
		{AEFA80AC-17CF-4784-A4D3-E0CD9712E5BC}.Debug|x86.Build.0 = Debug|x86
		{AEFA80AC-17CF-4784-A4D3-E0CD9712E5BC}.Demo|Any CPU.ActiveCfg = Debug|Any CPU
		{AEFA80AC-17CF-4784-A4D3-E0CD9712E5BC}.Demo|Any CPU.Build.0 = Debug|Any CPU
		{AEFA80AC-17CF-4784-A4D3-E0CD9712E5BC}.Demo|x86.ActiveCfg = Debug|x86
		{AEFA80AC-17CF-4784-A4D3-E0CD9712E5BC}.Demo|x86.Build.0 = Debug|x86
		{AEFA80AC-17CF-4784-A4D3-E0CD9712E5BC}.Release|Any CPU.ActiveCfg = Release|Any CPU
		{AEFA80AC-17CF-4784-A4D3-E0CD9712E5BC}.Release|Any CPU.Build.0 = Release|Any CPU
		{AEFA80AC-17CF-4784-A4D3-E0CD9712E5BC}.Release|x86.ActiveCfg = Release|x86
		{AEFA80AC-17CF-4784-A4D3-E0CD9712E5BC}.Release|x86.Build.0 = Release|x86
		{AEFA80AC-17CF-4784-A4D3-E0CD9712E5BC}.WinForms|Any CPU.ActiveCfg = Release|Any CPU
		{AEFA80AC-17CF-4784-A4D3-E0CD9712E5BC}.WinForms|Any CPU.Build.0 = Release|Any CPU
		{AEFA80AC-17CF-4784-A4D3-E0CD9712E5BC}.WinForms|x86.ActiveCfg = Release|x86
		{AEFA80AC-17CF-4784-A4D3-E0CD9712E5BC}.WinForms|x86.Build.0 = Release|x86
		{447AA2D2-EACA-4819-A605-14FA4921FA3D}.Basic|Any CPU.ActiveCfg = Release|Any CPU
		{447AA2D2-EACA-4819-A605-14FA4921FA3D}.Basic|Any CPU.Build.0 = Release|Any CPU
		{447AA2D2-EACA-4819-A605-14FA4921FA3D}.Basic|x86.ActiveCfg = Release|x86
		{447AA2D2-EACA-4819-A605-14FA4921FA3D}.Basic|x86.Build.0 = Release|x86
		{447AA2D2-EACA-4819-A605-14FA4921FA3D}.Debug|Any CPU.ActiveCfg = Debug|Any CPU
		{447AA2D2-EACA-4819-A605-14FA4921FA3D}.Debug|Any CPU.Build.0 = Debug|Any CPU
		{447AA2D2-EACA-4819-A605-14FA4921FA3D}.Debug|x86.ActiveCfg = Debug|x86
		{447AA2D2-EACA-4819-A605-14FA4921FA3D}.Debug|x86.Build.0 = Debug|x86
		{447AA2D2-EACA-4819-A605-14FA4921FA3D}.Demo|Any CPU.ActiveCfg = Debug|Any CPU
		{447AA2D2-EACA-4819-A605-14FA4921FA3D}.Demo|Any CPU.Build.0 = Debug|Any CPU
		{447AA2D2-EACA-4819-A605-14FA4921FA3D}.Demo|x86.ActiveCfg = Debug|x86
		{447AA2D2-EACA-4819-A605-14FA4921FA3D}.Demo|x86.Build.0 = Debug|x86
		{447AA2D2-EACA-4819-A605-14FA4921FA3D}.Release|Any CPU.ActiveCfg = Release|Any CPU
		{447AA2D2-EACA-4819-A605-14FA4921FA3D}.Release|Any CPU.Build.0 = Release|Any CPU
		{447AA2D2-EACA-4819-A605-14FA4921FA3D}.Release|x86.ActiveCfg = Release|x86
		{447AA2D2-EACA-4819-A605-14FA4921FA3D}.Release|x86.Build.0 = Release|x86
		{447AA2D2-EACA-4819-A605-14FA4921FA3D}.WinForms|Any CPU.ActiveCfg = Release|Any CPU
		{447AA2D2-EACA-4819-A605-14FA4921FA3D}.WinForms|Any CPU.Build.0 = Release|Any CPU
		{447AA2D2-EACA-4819-A605-14FA4921FA3D}.WinForms|x86.ActiveCfg = Release|x86
		{447AA2D2-EACA-4819-A605-14FA4921FA3D}.WinForms|x86.Build.0 = Release|x86
		{D4496C0B-9EED-4776-AD18-049493B8C737}.Basic|Any CPU.ActiveCfg = Release|Any CPU
		{D4496C0B-9EED-4776-AD18-049493B8C737}.Basic|Any CPU.Build.0 = Release|Any CPU
		{D4496C0B-9EED-4776-AD18-049493B8C737}.Basic|x86.ActiveCfg = Release|Any CPU
		{D4496C0B-9EED-4776-AD18-049493B8C737}.Debug|Any CPU.ActiveCfg = Debug|Any CPU
		{D4496C0B-9EED-4776-AD18-049493B8C737}.Debug|Any CPU.Build.0 = Debug|Any CPU
		{D4496C0B-9EED-4776-AD18-049493B8C737}.Debug|x86.ActiveCfg = Debug|Any CPU
		{D4496C0B-9EED-4776-AD18-049493B8C737}.Demo|Any CPU.ActiveCfg = Debug|Any CPU
		{D4496C0B-9EED-4776-AD18-049493B8C737}.Demo|Any CPU.Build.0 = Debug|Any CPU
		{D4496C0B-9EED-4776-AD18-049493B8C737}.Demo|x86.ActiveCfg = Debug|Any CPU
		{D4496C0B-9EED-4776-AD18-049493B8C737}.Release|Any CPU.ActiveCfg = Release|Any CPU
		{D4496C0B-9EED-4776-AD18-049493B8C737}.Release|Any CPU.Build.0 = Release|Any CPU
		{D4496C0B-9EED-4776-AD18-049493B8C737}.Release|x86.ActiveCfg = Release|Any CPU
		{D4496C0B-9EED-4776-AD18-049493B8C737}.WinForms|Any CPU.ActiveCfg = Release|Any CPU
		{D4496C0B-9EED-4776-AD18-049493B8C737}.WinForms|Any CPU.Build.0 = Release|Any CPU
		{D4496C0B-9EED-4776-AD18-049493B8C737}.WinForms|x86.ActiveCfg = Release|Any CPU
		{93A0A134-9687-44DF-A49A-F5FE6A9C89DC}.Basic|Any CPU.ActiveCfg = Basic|Any CPU
		{93A0A134-9687-44DF-A49A-F5FE6A9C89DC}.Basic|Any CPU.Build.0 = Basic|Any CPU
		{93A0A134-9687-44DF-A49A-F5FE6A9C89DC}.Basic|x86.ActiveCfg = Basic|Any CPU
		{93A0A134-9687-44DF-A49A-F5FE6A9C89DC}.Debug|Any CPU.ActiveCfg = Debug|Any CPU
		{93A0A134-9687-44DF-A49A-F5FE6A9C89DC}.Debug|Any CPU.Build.0 = Debug|Any CPU
		{93A0A134-9687-44DF-A49A-F5FE6A9C89DC}.Debug|x86.ActiveCfg = Debug|Any CPU
		{93A0A134-9687-44DF-A49A-F5FE6A9C89DC}.Demo|Any CPU.ActiveCfg = Demo|Any CPU
		{93A0A134-9687-44DF-A49A-F5FE6A9C89DC}.Demo|Any CPU.Build.0 = Demo|Any CPU
		{93A0A134-9687-44DF-A49A-F5FE6A9C89DC}.Demo|x86.ActiveCfg = Demo|Any CPU
		{93A0A134-9687-44DF-A49A-F5FE6A9C89DC}.Release|Any CPU.ActiveCfg = Release|Any CPU
		{93A0A134-9687-44DF-A49A-F5FE6A9C89DC}.Release|Any CPU.Build.0 = Release|Any CPU
		{93A0A134-9687-44DF-A49A-F5FE6A9C89DC}.Release|x86.ActiveCfg = Release|Any CPU
		{93A0A134-9687-44DF-A49A-F5FE6A9C89DC}.WinForms|Any CPU.ActiveCfg = WinForms|Any CPU
		{93A0A134-9687-44DF-A49A-F5FE6A9C89DC}.WinForms|Any CPU.Build.0 = WinForms|Any CPU
		{93A0A134-9687-44DF-A49A-F5FE6A9C89DC}.WinForms|x86.ActiveCfg = WinForms|Any CPU
		{29A4C63B-8704-4A37-B3B5-B0871727C9C5}.Basic|Any CPU.ActiveCfg = Basic|Any CPU
		{29A4C63B-8704-4A37-B3B5-B0871727C9C5}.Basic|Any CPU.Build.0 = Basic|Any CPU
		{29A4C63B-8704-4A37-B3B5-B0871727C9C5}.Basic|x86.ActiveCfg = Basic|Any CPU
		{29A4C63B-8704-4A37-B3B5-B0871727C9C5}.Debug|Any CPU.ActiveCfg = Debug|Any CPU
		{29A4C63B-8704-4A37-B3B5-B0871727C9C5}.Debug|Any CPU.Build.0 = Debug|Any CPU
		{29A4C63B-8704-4A37-B3B5-B0871727C9C5}.Debug|x86.ActiveCfg = Debug|Any CPU
		{29A4C63B-8704-4A37-B3B5-B0871727C9C5}.Demo|Any CPU.ActiveCfg = Demo|Any CPU
		{29A4C63B-8704-4A37-B3B5-B0871727C9C5}.Demo|Any CPU.Build.0 = Demo|Any CPU
		{29A4C63B-8704-4A37-B3B5-B0871727C9C5}.Demo|x86.ActiveCfg = Demo|Any CPU
		{29A4C63B-8704-4A37-B3B5-B0871727C9C5}.Release|Any CPU.ActiveCfg = Release|Any CPU
		{29A4C63B-8704-4A37-B3B5-B0871727C9C5}.Release|Any CPU.Build.0 = Release|Any CPU
		{29A4C63B-8704-4A37-B3B5-B0871727C9C5}.Release|x86.ActiveCfg = Release|Any CPU
		{29A4C63B-8704-4A37-B3B5-B0871727C9C5}.WinForms|Any CPU.ActiveCfg = WinForms|Any CPU
		{29A4C63B-8704-4A37-B3B5-B0871727C9C5}.WinForms|Any CPU.Build.0 = WinForms|Any CPU
		{29A4C63B-8704-4A37-B3B5-B0871727C9C5}.WinForms|x86.ActiveCfg = WinForms|Any CPU
		{5915E098-15F6-47A6-B80A-7E5E4B06202F}.Basic|Any CPU.ActiveCfg = Release|Any CPU
		{5915E098-15F6-47A6-B80A-7E5E4B06202F}.Basic|Any CPU.Build.0 = Release|Any CPU
		{5915E098-15F6-47A6-B80A-7E5E4B06202F}.Basic|x86.ActiveCfg = Release|Any CPU
		{5915E098-15F6-47A6-B80A-7E5E4B06202F}.Debug|Any CPU.ActiveCfg = Debug|Any CPU
		{5915E098-15F6-47A6-B80A-7E5E4B06202F}.Debug|Any CPU.Build.0 = Debug|Any CPU
		{5915E098-15F6-47A6-B80A-7E5E4B06202F}.Debug|x86.ActiveCfg = Debug|Any CPU
		{5915E098-15F6-47A6-B80A-7E5E4B06202F}.Demo|Any CPU.ActiveCfg = Debug|Any CPU
		{5915E098-15F6-47A6-B80A-7E5E4B06202F}.Demo|Any CPU.Build.0 = Debug|Any CPU
		{5915E098-15F6-47A6-B80A-7E5E4B06202F}.Demo|x86.ActiveCfg = Debug|Any CPU
		{5915E098-15F6-47A6-B80A-7E5E4B06202F}.Release|Any CPU.ActiveCfg = Release|Any CPU
		{5915E098-15F6-47A6-B80A-7E5E4B06202F}.Release|Any CPU.Build.0 = Release|Any CPU
		{5915E098-15F6-47A6-B80A-7E5E4B06202F}.Release|x86.ActiveCfg = Release|Any CPU
		{5915E098-15F6-47A6-B80A-7E5E4B06202F}.WinForms|Any CPU.ActiveCfg = Release|Any CPU
		{5915E098-15F6-47A6-B80A-7E5E4B06202F}.WinForms|Any CPU.Build.0 = Release|Any CPU
		{5915E098-15F6-47A6-B80A-7E5E4B06202F}.WinForms|x86.ActiveCfg = Release|Any CPU
		{49F7FFE6-193A-4AC6-98CF-4C4972ECC190}.Basic|Any CPU.ActiveCfg = Release|Any CPU
		{49F7FFE6-193A-4AC6-98CF-4C4972ECC190}.Basic|Any CPU.Build.0 = Release|Any CPU
		{49F7FFE6-193A-4AC6-98CF-4C4972ECC190}.Basic|x86.ActiveCfg = Release|Any CPU
		{49F7FFE6-193A-4AC6-98CF-4C4972ECC190}.Debug|Any CPU.ActiveCfg = Debug|Any CPU
		{49F7FFE6-193A-4AC6-98CF-4C4972ECC190}.Debug|Any CPU.Build.0 = Debug|Any CPU
		{49F7FFE6-193A-4AC6-98CF-4C4972ECC190}.Debug|x86.ActiveCfg = Debug|Any CPU
		{49F7FFE6-193A-4AC6-98CF-4C4972ECC190}.Demo|Any CPU.ActiveCfg = Debug|Any CPU
		{49F7FFE6-193A-4AC6-98CF-4C4972ECC190}.Demo|Any CPU.Build.0 = Debug|Any CPU
		{49F7FFE6-193A-4AC6-98CF-4C4972ECC190}.Demo|x86.ActiveCfg = Debug|Any CPU
		{49F7FFE6-193A-4AC6-98CF-4C4972ECC190}.Release|Any CPU.ActiveCfg = Release|Any CPU
		{49F7FFE6-193A-4AC6-98CF-4C4972ECC190}.Release|Any CPU.Build.0 = Release|Any CPU
		{49F7FFE6-193A-4AC6-98CF-4C4972ECC190}.Release|x86.ActiveCfg = Release|Any CPU
		{49F7FFE6-193A-4AC6-98CF-4C4972ECC190}.WinForms|Any CPU.ActiveCfg = Release|Any CPU
		{49F7FFE6-193A-4AC6-98CF-4C4972ECC190}.WinForms|Any CPU.Build.0 = Release|Any CPU
		{49F7FFE6-193A-4AC6-98CF-4C4972ECC190}.WinForms|x86.ActiveCfg = Release|Any CPU
	EndGlobalSection
	GlobalSection(SolutionProperties) = preSolution
		HideSolutionNode = FALSE
	EndGlobalSection
	GlobalSection(NestedProjects) = preSolution
		{897D5C4C-88F8-4912-BA36-1D1F9FAF9123} = {A8B0AC4B-F013-4E5B-88EA-F316C7E35A0D}
		{6331865F-BF8F-4D4F-96EF-711C336CF200} = {A8B0AC4B-F013-4E5B-88EA-F316C7E35A0D}
		{651E0B3C-193B-47BC-BAAA-53509754012B} = {DB98D137-C0B4-417A-8D81-73C2EE6A6114}
		{736D5B53-B4FF-4E10-BFF1-8AC9AEF65DA4} = {6331865F-BF8F-4D4F-96EF-711C336CF200}
		{2417D98B-AFB2-4581-AD10-FF373B34BBCD} = {6331865F-BF8F-4D4F-96EF-711C336CF200}
		{DB9E00CF-E35B-41FC-905A-52EBEFEBB432} = {897D5C4C-88F8-4912-BA36-1D1F9FAF9123}
		{CAD985B1-B41D-42BC-848D-243A6A0050BC} = {897D5C4C-88F8-4912-BA36-1D1F9FAF9123}
		{5DEEDD6A-2F45-4361-992A-022C044ADD48} = {A8B0AC4B-F013-4E5B-88EA-F316C7E35A0D}
		{218574D1-FF94-4B95-8577-A6D58C11C315} = {5DEEDD6A-2F45-4361-992A-022C044ADD48}
		{86D78639-FE3D-4BE5-ACB3-A7D2F7887ADF} = {A8B0AC4B-F013-4E5B-88EA-F316C7E35A0D}
		{DCD75A71-381A-4A93-B14E-577320F5DAB9} = {86D78639-FE3D-4BE5-ACB3-A7D2F7887ADF}
		{E236BA21-313E-458C-BADE-62AB671CFBAC} = {897D5C4C-88F8-4912-BA36-1D1F9FAF9123}
		{A2A65E12-2442-44BB-B5AD-F71B51E2581B} = {DB98D137-C0B4-417A-8D81-73C2EE6A6114}
		{DF701187-4CAD-4B30-B762-72F501383681} = {A2A65E12-2442-44BB-B5AD-F71B51E2581B}
		{A554209A-98C3-410B-82EF-91323F4C2465} = {A2A65E12-2442-44BB-B5AD-F71B51E2581B}
		{8D26D106-14D9-4628-BCF0-CDA1AA7291C3} = {897D5C4C-88F8-4912-BA36-1D1F9FAF9123}
		{7C64FBDC-25E5-47FF-B6F8-443256745E2D} = {8D26D106-14D9-4628-BCF0-CDA1AA7291C3}
		{AEFA80AC-17CF-4784-A4D3-E0CD9712E5BC} = {8D26D106-14D9-4628-BCF0-CDA1AA7291C3}
		{447AA2D2-EACA-4819-A605-14FA4921FA3D} = {8D26D106-14D9-4628-BCF0-CDA1AA7291C3}
		{D4496C0B-9EED-4776-AD18-049493B8C737} = {8D26D106-14D9-4628-BCF0-CDA1AA7291C3}
		{93A0A134-9687-44DF-A49A-F5FE6A9C89DC} = {8D26D106-14D9-4628-BCF0-CDA1AA7291C3}
		{29A4C63B-8704-4A37-B3B5-B0871727C9C5} = {8D26D106-14D9-4628-BCF0-CDA1AA7291C3}
		{5915E098-15F6-47A6-B80A-7E5E4B06202F} = {8D26D106-14D9-4628-BCF0-CDA1AA7291C3}
		{B17070FA-8727-427C-BB25-7D29C41ADCAD} = {C457A349-6209-4013-B12A-264221D27C3E}
		{BE82A371-0908-4E0F-8D2C-3B8E69C75E2E} = {C457A349-6209-4013-B12A-264221D27C3E}
		{1BEA1747-A353-423E-988C-FEB3668863E2} = {1CB38D62-0655-40D5-955B-8BE9B39FD8F4}
		{C584FA5E-D531-4EEB-B528-D15849CDD304} = {C457A349-6209-4013-B12A-264221D27C3E}
		{BA4F523E-C74B-4EA6-9F6F-C2623F612707} = {C457A349-6209-4013-B12A-264221D27C3E}
		{49F7FFE6-193A-4AC6-98CF-4C4972ECC190} = {897D5C4C-88F8-4912-BA36-1D1F9FAF9123}
	EndGlobalSection
EndGlobal
